
Microsoft Visual Studio Solution File, Format Version 12.00
# Visual Studio Version 16
VisualStudioVersion = 16.0.31410.357
MinimumVisualStudioVersion = 10.0.40219.1
Project("{FAE04EC0-301F-11D3-BF4B-00C04F79EFBC}") = "NMiCS_Labs", "NMiCS_Labs\NMiCS_Labs.csproj", "{95BEC9A9-F1CC-4628-8080-D1F24BE475F6}"
EndProject
Global
	GlobalSection(SolutionConfigurationPlatforms) = preSolution
		Debug|Any CPU = Debug|Any CPU
		Release|Any CPU = Release|Any CPU
	EndGlobalSection
	GlobalSection(ProjectConfigurationPlatforms) = postSolution
		{95BEC9A9-F1CC-4628-8080-D1F24BE475F6}.Debug|Any CPU.ActiveCfg = Debug|Any CPU
		{95BEC9A9-F1CC-4628-8080-D1F24BE475F6}.Debug|Any CPU.Build.0 = Debug|Any CPU
		{95BEC9A9-F1CC-4628-8080-D1F24BE475F6}.Release|Any CPU.ActiveCfg = Release|Any CPU
		{95BEC9A9-F1CC-4628-8080-D1F24BE475F6}.Release|Any CPU.Build.0 = Release|Any CPU
	EndGlobalSection
	GlobalSection(SolutionProperties) = preSolution
		HideSolutionNode = FALSE
	EndGlobalSection
	GlobalSection(ExtensibilityGlobals) = postSolution
		SolutionGuid = {A1F49D1E-C103-489B-A499-07C59C54FBB9}
	EndGlobalSection
EndGlobal
